
Microsoft Visual Studio Solution File, Format Version 12.00
# Visual Studio Version 16
VisualStudioVersion = 16.0.28922.388
MinimumVisualStudioVersion = 10.0.40219.1
Project("{FAE04EC0-301F-11D3-BF4B-00C04F79EFBC}") = "GuessNumberVaughn", "GuessNumberVaughn\GuessNumberVaughn.csproj", "{7AA4387D-A3C3-437D-A9AA-6FF0D2D4949B}"
EndProject
Global
	GlobalSection(SolutionConfigurationPlatforms) = preSolution
		Debug|Any CPU = Debug|Any CPU
		Release|Any CPU = Release|Any CPU
	EndGlobalSection
	GlobalSection(ProjectConfigurationPlatforms) = postSolution
		{7AA4387D-A3C3-437D-A9AA-6FF0D2D4949B}.Debug|Any CPU.ActiveCfg = Debug|Any CPU
		{7AA4387D-A3C3-437D-A9AA-6FF0D2D4949B}.Debug|Any CPU.Build.0 = Debug|Any CPU
		{7AA4387D-A3C3-437D-A9AA-6FF0D2D4949B}.Release|Any CPU.ActiveCfg = Release|Any CPU
		{7AA4387D-A3C3-437D-A9AA-6FF0D2D4949B}.Release|Any CPU.Build.0 = Release|Any CPU
	EndGlobalSection
	GlobalSection(SolutionProperties) = preSolution
		HideSolutionNode = FALSE
	EndGlobalSection
	GlobalSection(ExtensibilityGlobals) = postSolution
		SolutionGuid = {53B4A845-A965-42AF-AAB4-B235AE0837A1}
	EndGlobalSection
EndGlobal
